{
	"name": "@geislabs/fetch-plugin",
	"version": "0.0.74",
	"lockfileVersion": 2,
	"requires": true,
	"packages": {
		"": {
			"name": "@geislabs/fetch-plugin",
			"version": "0.0.60",
			"license": "ISC",
			"dependencies": {
				"@geislabs/http": "^0.0.78",
				"@geislabs/json": "^0.0.60",
				"@geislabs/json-fetch": "^0.0.60",
				"@geislabs/plugin": "^0.0.2",
				"@geislabs/protocol": "^0.0.50"
			},
			"devDependencies": {
				"@types/node-fetch": "^2.5.10"
			}
		},
		"node_modules/@geislabs/fetch": {
			"version": "0.0.60",
			"resolved": "https://registry.npmjs.org/@geislabs/fetch/-/fetch-0.0.60.tgz",
			"integrity": "sha512-Qn7WkwExuYTwBUuDVZzBPJafBuSL+iOkh6FPnsG5PV1qj6QyqVnoLm7eJZglCSn4PAsS++PIpbC6/wJyinPwxA==",
			"dependencies": {
				"@geislabs/geis-type": "^0.0.45",
				"@geislabs/protocol": "^0.0.47",
				"node-fetch": "^2.6.1"
			}
		},
		"node_modules/@geislabs/fetch/node_modules/@geislabs/protocol": {
			"version": "0.0.47",
			"resolved": "https://registry.npmjs.org/@geislabs/protocol/-/protocol-0.0.47.tgz",
			"integrity": "sha512-Nt8IUKXuyzWqcXjnhizpS84DlWnNNhKfz9UY0G4H2BU5n7lR0uf87pv3Jb6W/1IkRZwOAueSJmUP6diEruoc5g==",
			"dependencies": {
				"is-promise": "^4.0.0"
			}
		},
		"node_modules/@geislabs/geis-type": {
			"version": "0.0.45",
			"resolved": "https://registry.npmjs.org/@geislabs/geis-type/-/geis-type-0.0.45.tgz",
			"integrity": "sha512-Nzpy4t32TwWT7vn1hm+Cg1/iPUQLacPtUoxZ/0sr1Udf0RiCKqFFRahWcppyJ67jp2X25TQsOf7T0nBestla0A==",
			"dependencies": {
				"inversify": "^5.0.5",
				"is-promise": "^4.0.0"
			}
		},
		"node_modules/@geislabs/http": {
			"version": "0.0.78",
			"resolved": "https://registry.npmjs.org/@geislabs/http/-/http-0.0.78.tgz",
			"integrity": "sha512-GHhJEQiIx43ccRL2g+Xco0Y60ShmGOcpCKTOWthL1EfIi2NscCMHCKAphjMh9ePcXf5ppaJ4gpjjjFXXIDMtjA==",
			"dependencies": {
				"@geislabs/http-plugin": "^0.0.78",
				"@geislabs/http-proxy": "^0.0.78"
			}
		},
		"node_modules/@geislabs/http-plugin": {
			"version": "0.0.78",
			"resolved": "https://registry.npmjs.org/@geislabs/http-plugin/-/http-plugin-0.0.78.tgz",
			"integrity": "sha512-AVGh0ukzhXmLRVSetyz1PhJ+mPiz5z6M/Kpv+ojK5OBtNYbueOpXTZkwAICXANMmjjk8Exke3PB5p1A74wvnpg==",
			"dependencies": {
				"@geislabs/plugin": "^0.0.2",
				"@geislabs/runtime-event": "^0.0.79"
			}
		},
		"node_modules/@geislabs/http-proxy": {
			"version": "0.0.78",
			"resolved": "https://registry.npmjs.org/@geislabs/http-proxy/-/http-proxy-0.0.78.tgz",
			"integrity": "sha512-7FaS1DIb3fh0S20WZr0b1QptM7VSUUPzPwJahECnv5CpLCW84Moesqj2QtCQdbWYkmef4Je57i7LkWioGajOmQ==",
			"dependencies": {
				"@geislabs/http-plugin": "^0.0.78",
				"@geislabs/plugin": "^0.0.2",
				"@geislabs/runtime": "^0.0.72"
			}
		},
		"node_modules/@geislabs/json": {
			"version": "0.0.60",
			"resolved": "https://registry.npmjs.org/@geislabs/json/-/json-0.0.60.tgz",
			"integrity": "sha512-oK1NzAvhevfK3SadhBNGiYUs6dMEA80haZdTrE/aAcIrsBHn8L4r6Rx7Qk6lkkQDzyzUqvLAb9n/MSxOAfQGjA==",
			"dependencies": {
				"@geislabs/fetch": "^0.0.60",
				"@geislabs/json-fetch": "^0.0.60",
				"@geislabs/json-type": "^0.0.60",
				"@geislabs/protocol": "^0.0.48",
				"jsonpath": "^1.1.1"
			}
		},
		"node_modules/@geislabs/json-fetch": {
			"version": "0.0.60",
			"resolved": "https://registry.npmjs.org/@geislabs/json-fetch/-/json-fetch-0.0.60.tgz",
			"integrity": "sha512-77hc7rSQ37d6bhdL9v1RRTH1dUrVuOQ4k/IdRqDH4vKIITduQP5du89IehOw6ZvzaAuwIdLZC7d/0Gz8YoKULw==",
			"dependencies": {
				"jsonpath": "^1.1.1"
			}
		},
		"node_modules/@geislabs/json-type": {
			"version": "0.0.60",
			"resolved": "https://registry.npmjs.org/@geislabs/json-type/-/json-type-0.0.60.tgz",
			"integrity": "sha512-4ta518coO01vU06Q5f3GoE3nauL414ckp+m0/8FMxpTGqd+knEBzCm519z6pMRem85R4Puv07t2E4bKhkGZeqw==",
			"dependencies": {
				"jsonpath": "^1.1.1"
			}
		},
		"node_modules/@geislabs/json/node_modules/@geislabs/protocol": {
			"version": "0.0.48",
			"resolved": "https://registry.npmjs.org/@geislabs/protocol/-/protocol-0.0.48.tgz",
			"integrity": "sha512-WIhQ46IaIcP80NwqrzDu6wfwmXObxA+JD1g6gxzdEdbBnjV6Ni1cHag98YKcItD/ZdWoLONPhGtdd1YvRK+P0Q==",
			"dependencies": {
				"is-promise": "^4.0.0"
			}
		},
		"node_modules/@geislabs/plugin": {
			"version": "0.0.2",
			"resolved": "https://registry.npmjs.org/@geislabs/plugin/-/plugin-0.0.2.tgz",
			"integrity": "sha512-jDSbdRJtqHitI2LD+/nyg2bPE8Dij2P2iJM6cp/qlcrSTP+/9Fn+bDEOH4a17rrwvqK870sa9+njBZ7CD42V8A==",
			"dependencies": {
				"@geislabs/plugin-order": "^0.0.2",
				"@geislabs/runtime-event": "^0.0.79",
				"autobind-decorator": "^2.4.0",
				"inversify": "^5.1.1"
			}
		},
		"node_modules/@geislabs/plugin-order": {
			"version": "0.0.2",
			"resolved": "https://registry.npmjs.org/@geislabs/plugin-order/-/plugin-order-0.0.2.tgz",
			"integrity": "sha512-DvDewJ9bhwIuzIbhgsQUtQ5UEUs13DFJG1UHSWn0770oy+DRObknZEh5hhfvB0ZDo3AjLpJFOsTBp3R7wEsZcw==",
			"dependencies": {
				"topological-sort": "^0.3.0"
			}
		},
		"node_modules/@geislabs/protocol": {
			"version": "0.0.50",
			"resolved": "https://registry.npmjs.org/@geislabs/protocol/-/protocol-0.0.50.tgz",
			"integrity": "sha512-o/vLqPz5NKFT69TuF02T7G2y+ZnKqHJdG8K7Yqmv0vXaEucqVHGb1FkbKoBrnx+898pX3eYJuD14KVL7bmO1aQ==",
			"dependencies": {
				"is-promise": "^4.0.0"
			}
		},
		"node_modules/@geislabs/runtime": {
			"version": "0.0.72",
			"resolved": "https://registry.npmjs.org/@geislabs/runtime/-/runtime-0.0.72.tgz",
			"integrity": "sha512-iwXx0OfFYB6ZZE9fxn7TkBo2XhuxheyE66ESW/f5wZeDDUYG2g/qy5QTiIblNhe6ASztPL1nHFdAg90bcY2spw==",
			"dependencies": {
				"@geislabs/runtime-event": "^0.0.72",
				"@geislabs/runtime-order": "^0.0.72",
				"@geislabs/runtime-plugin": "^0.0.72"
			}
		},
		"node_modules/@geislabs/runtime-event": {
			"version": "0.0.79",
			"resolved": "https://registry.npmjs.org/@geislabs/runtime-event/-/runtime-event-0.0.79.tgz",
			"integrity": "sha512-4RhATQFG8dXo5PPN/XMBoEvH1qWZkYZSCDXDI9w3/vph6Fn6MVCWO/DwGsYvgn6z+fRz1t9eOt14hrqf2/tBtQ=="
		},
		"node_modules/@geislabs/runtime-order": {
			"version": "0.0.72",
			"resolved": "https://registry.npmjs.org/@geislabs/runtime-order/-/runtime-order-0.0.72.tgz",
			"integrity": "sha512-zdFiYCMuqpJ6544WrqzZ46jpwSt3gi60zq7a0gFoW0DXE5UdeT6VfE4/9rEYeI+FucX5lNtjWWRbYCMGKuIi7Q==",
			"dependencies": {
				"topological-sort": "^0.3.0"
			}
		},
		"node_modules/@geislabs/runtime-plugin": {
			"version": "0.0.72",
			"resolved": "https://registry.npmjs.org/@geislabs/runtime-plugin/-/runtime-plugin-0.0.72.tgz",
			"integrity": "sha512-laI+zcegky2nsox/4VraE093XD920a8+Ctk5g1B/NoJEDDAMCIdBIlbR3wpxLfplifzMYPA14O9llFRBFzvT0g==",
			"dependencies": {
				"@geislabs/runtime-event": "^0.0.72",
				"@geislabs/runtime-order": "^0.0.72",
				"autobind-decorator": "^2.4.0",
				"inversify": "^5.1.1",
				"memfs": "^3.2.2"
			}
		},
		"node_modules/@geislabs/runtime-plugin/node_modules/@geislabs/runtime-event": {
			"version": "0.0.72",
			"resolved": "https://registry.npmjs.org/@geislabs/runtime-event/-/runtime-event-0.0.72.tgz",
			"integrity": "sha512-ZQaiB1aAiIEFrZCRq9Tu6R3De/W3EiSfiXT9HwQHDdEt61P8EB/5ehCYDrOhBtli905SnS2x3dWwbPEtl+1Haw=="
		},
		"node_modules/@geislabs/runtime/node_modules/@geislabs/runtime-event": {
			"version": "0.0.72",
			"resolved": "https://registry.npmjs.org/@geislabs/runtime-event/-/runtime-event-0.0.72.tgz",
			"integrity": "sha512-ZQaiB1aAiIEFrZCRq9Tu6R3De/W3EiSfiXT9HwQHDdEt61P8EB/5ehCYDrOhBtli905SnS2x3dWwbPEtl+1Haw=="
		},
		"node_modules/@types/node": {
			"version": "15.12.0",
			"resolved": "https://registry.npmjs.org/@types/node/-/node-15.12.0.tgz",
			"integrity": "sha512-+aHJvoCsVhO2ZCuT4o5JtcPrCPyDE3+1nvbDprYes+pPkEsbjH7AGUCNtjMOXS0fqH14t+B7yLzaqSz92FPWyw==",
			"dev": true
		},
		"node_modules/@types/node-fetch": {
			"version": "2.5.10",
			"resolved": "https://registry.npmjs.org/@types/node-fetch/-/node-fetch-2.5.10.tgz",
			"integrity": "sha512-IpkX0AasN44hgEad0gEF/V6EgR5n69VEqPEgnmoM8GsIGro3PowbWs4tR6IhxUTyPLpOn+fiGG6nrQhcmoCuIQ==",
			"dev": true,
			"dependencies": {
				"@types/node": "*",
				"form-data": "^3.0.0"
			}
		},
		"node_modules/asynckit": {
			"version": "0.4.0",
			"resolved": "https://registry.npmjs.org/asynckit/-/asynckit-0.4.0.tgz",
			"integrity": "sha1-x57Zf380y48robyXkLzDZkdLS3k=",
			"dev": true
		},
		"node_modules/autobind-decorator": {
			"version": "2.4.0",
			"resolved": "https://registry.npmjs.org/autobind-decorator/-/autobind-decorator-2.4.0.tgz",
			"integrity": "sha512-OGYhWUO72V6DafbF8PM8rm3EPbfuyMZcJhtm5/n26IDwO18pohE4eNazLoCGhPiXOCD0gEGmrbU3849QvM8bbw==",
			"engines": {
				"node": ">=8.10",
				"npm": ">=6.4.1"
			}
		},
		"node_modules/combined-stream": {
			"version": "1.0.8",
			"resolved": "https://registry.npmjs.org/combined-stream/-/combined-stream-1.0.8.tgz",
			"integrity": "sha512-FQN4MRfuJeHf7cBbBMJFXhKSDq+2kAArBlmRBvcvFE5BB1HZKXtSFASDhdlz9zOYwxh8lDdnvmMOe/+5cdoEdg==",
			"dev": true,
			"dependencies": {
				"delayed-stream": "~1.0.0"
			},
			"engines": {
				"node": ">= 0.8"
			}
		},
		"node_modules/deep-is": {
			"version": "0.1.3",
			"resolved": "https://registry.npmjs.org/deep-is/-/deep-is-0.1.3.tgz",
			"integrity": "sha1-s2nW+128E+7PUk+RsHD+7cNXzzQ="
		},
		"node_modules/delayed-stream": {
			"version": "1.0.0",
			"resolved": "https://registry.npmjs.org/delayed-stream/-/delayed-stream-1.0.0.tgz",
			"integrity": "sha1-3zrhmayt+31ECqrgsp4icrJOxhk=",
			"dev": true,
			"engines": {
				"node": ">=0.4.0"
			}
		},
		"node_modules/escodegen": {
			"version": "1.14.3",
			"resolved": "https://registry.npmjs.org/escodegen/-/escodegen-1.14.3.tgz",
			"integrity": "sha512-qFcX0XJkdg+PB3xjZZG/wKSuT1PnQWx57+TVSjIMmILd2yC/6ByYElPwJnslDsuWuSAp4AwJGumarAAmJch5Kw==",
			"dependencies": {
				"esprima": "^4.0.1",
				"estraverse": "^4.2.0",
				"esutils": "^2.0.2",
				"optionator": "^0.8.1"
			},
			"bin": {
				"escodegen": "bin/escodegen.js",
				"esgenerate": "bin/esgenerate.js"
			},
			"engines": {
				"node": ">=4.0"
			},
			"optionalDependencies": {
				"source-map": "~0.6.1"
			}
		},
		"node_modules/escodegen/node_modules/esprima": {
			"version": "4.0.1",
			"resolved": "https://registry.npmjs.org/esprima/-/esprima-4.0.1.tgz",
			"integrity": "sha512-eGuFFw7Upda+g4p+QHvnW0RyTX/SVeJBDM/gCtMARO0cLuT2HcEKnTPvhjV6aGeqrCB/sbNop0Kszm0jsaWU4A==",
			"bin": {
				"esparse": "bin/esparse.js",
				"esvalidate": "bin/esvalidate.js"
			},
			"engines": {
				"node": ">=4"
			}
		},
		"node_modules/esprima": {
			"version": "1.2.2",
			"resolved": "https://registry.npmjs.org/esprima/-/esprima-1.2.2.tgz",
			"integrity": "sha1-dqD9Zvz+FU/SkmZ9wmQBl1CxZXs=",
			"bin": {
				"esparse": "bin/esparse.js",
				"esvalidate": "bin/esvalidate.js"
			},
			"engines": {
				"node": ">=0.4.0"
			}
		},
		"node_modules/estraverse": {
			"version": "4.3.0",
			"resolved": "https://registry.npmjs.org/estraverse/-/estraverse-4.3.0.tgz",
			"integrity": "sha512-39nnKffWz8xN1BU/2c79n9nB9HDzo0niYUqx6xyqUnyoAnQyyWpOTdZEeiCch8BBu515t4wp9ZmgVfVhn9EBpw==",
			"engines": {
				"node": ">=4.0"
			}
		},
		"node_modules/esutils": {
			"version": "2.0.3",
			"resolved": "https://registry.npmjs.org/esutils/-/esutils-2.0.3.tgz",
			"integrity": "sha512-kVscqXk4OCp68SZ0dkgEKVi6/8ij300KBWTJq32P/dYeWTSwK41WyTxalN1eRmA5Z9UU/LX9D7FWSmV9SAYx6g==",
			"engines": {
				"node": ">=0.10.0"
			}
		},
		"node_modules/fast-levenshtein": {
			"version": "2.0.6",
			"resolved": "https://registry.npmjs.org/fast-levenshtein/-/fast-levenshtein-2.0.6.tgz",
			"integrity": "sha1-PYpcZog6FqMMqGQ+hR8Zuqd5eRc="
		},
		"node_modules/form-data": {
			"version": "3.0.1",
			"resolved": "https://registry.npmjs.org/form-data/-/form-data-3.0.1.tgz",
			"integrity": "sha512-RHkBKtLWUVwd7SqRIvCZMEvAMoGUp0XU+seQiZejj0COz3RI3hWP4sCv3gZWWLjJTd7rGwcsF5eKZGii0r/hbg==",
			"dev": true,
			"dependencies": {
				"asynckit": "^0.4.0",
				"combined-stream": "^1.0.8",
				"mime-types": "^2.1.12"
			},
			"engines": {
				"node": ">= 6"
			}
		},
		"node_modules/fs-monkey": {
			"version": "1.0.3",
			"resolved": "https://registry.npmjs.org/fs-monkey/-/fs-monkey-1.0.3.tgz",
			"integrity": "sha512-cybjIfiiE+pTWicSCLFHSrXZ6EilF30oh91FDP9S2B051prEa7QWfrVTQm10/dDpswBDXZugPa1Ogu8Yh+HV0Q=="
		},
		"node_modules/inversify": {
			"version": "5.1.1",
			"resolved": "https://registry.npmjs.org/inversify/-/inversify-5.1.1.tgz",
			"integrity": "sha512-j8grHGDzv1v+8T1sAQ+3boTCntFPfvxLCkNcxB1J8qA0lUN+fAlSyYd+RXKvaPRL4AGyPxViutBEJHNXOyUdFQ=="
		},
		"node_modules/is-promise": {
			"version": "4.0.0",
			"resolved": "https://registry.npmjs.org/is-promise/-/is-promise-4.0.0.tgz",
			"integrity": "sha512-hvpoI6korhJMnej285dSg6nu1+e6uxs7zG3BYAm5byqDsgJNWwxzM6z6iZiAgQR4TJ30JmBTOwqZUw3WlyH3AQ=="
		},
		"node_modules/jsonpath": {
			"version": "1.1.1",
			"resolved": "https://registry.npmjs.org/jsonpath/-/jsonpath-1.1.1.tgz",
			"integrity": "sha512-l6Cg7jRpixfbgoWgkrl77dgEj8RPvND0wMH6TwQmi9Qs4TFfS9u5cUFnbeKTwj5ga5Y3BTGGNI28k117LJ009w==",
			"dependencies": {
				"esprima": "1.2.2",
				"static-eval": "2.0.2",
				"underscore": "1.12.1"
			}
		},
		"node_modules/levn": {
			"version": "0.3.0",
			"resolved": "https://registry.npmjs.org/levn/-/levn-0.3.0.tgz",
			"integrity": "sha1-OwmSTt+fCDwEkP3UwLxEIeBHZO4=",
			"dependencies": {
				"prelude-ls": "~1.1.2",
				"type-check": "~0.3.2"
			},
			"engines": {
				"node": ">= 0.8.0"
			}
		},
		"node_modules/memfs": {
			"version": "3.2.2",
			"resolved": "https://registry.npmjs.org/memfs/-/memfs-3.2.2.tgz",
			"integrity": "sha512-RE0CwmIM3CEvpcdK3rZ19BC4E6hv9kADkMN5rPduRak58cNArWLi/9jFLsa4rhsjfVxMP3v0jO7FHXq7SvFY5Q==",
			"dependencies": {
				"fs-monkey": "1.0.3"
			},
			"engines": {
				"node": ">= 4.0.0"
			}
		},
		"node_modules/mime-db": {
			"version": "1.48.0",
			"resolved": "https://registry.npmjs.org/mime-db/-/mime-db-1.48.0.tgz",
			"integrity": "sha512-FM3QwxV+TnZYQ2aRqhlKBMHxk10lTbMt3bBkMAp54ddrNeVSfcQYOOKuGuy3Ddrm38I04If834fOUSq1yzslJQ==",
			"dev": true,
			"engines": {
				"node": ">= 0.6"
			}
		},
		"node_modules/mime-types": {
			"version": "2.1.31",
			"resolved": "https://registry.npmjs.org/mime-types/-/mime-types-2.1.31.tgz",
			"integrity": "sha512-XGZnNzm3QvgKxa8dpzyhFTHmpP3l5YNusmne07VUOXxou9CqUqYa/HBy124RqtVh/O2pECas/MOcsDgpilPOPg==",
			"dev": true,
			"dependencies": {
				"mime-db": "1.48.0"
			},
			"engines": {
				"node": ">= 0.6"
			}
		},
		"node_modules/node-fetch": {
			"version": "2.6.1",
			"resolved": "https://registry.npmjs.org/node-fetch/-/node-fetch-2.6.1.tgz",
			"integrity": "sha512-V4aYg89jEoVRxRb2fJdAg8FHvI7cEyYdVAh94HH0UIK8oJxUfkjlDQN9RbMx+bEjP7+ggMiFRprSti032Oipxw==",
			"engines": {
				"node": "4.x || >=6.0.0"
			}
		},
		"node_modules/optionator": {
			"version": "0.8.3",
			"resolved": "https://registry.npmjs.org/optionator/-/optionator-0.8.3.tgz",
			"integrity": "sha512-+IW9pACdk3XWmmTXG8m3upGUJst5XRGzxMRjXzAuJ1XnIFNvfhjjIuYkDvysnPQ7qzqVzLt78BCruntqRhWQbA==",
			"dependencies": {
				"deep-is": "~0.1.3",
				"fast-levenshtein": "~2.0.6",
				"levn": "~0.3.0",
				"prelude-ls": "~1.1.2",
				"type-check": "~0.3.2",
				"word-wrap": "~1.2.3"
			},
			"engines": {
				"node": ">= 0.8.0"
			}
		},
		"node_modules/prelude-ls": {
			"version": "1.1.2",
			"resolved": "https://registry.npmjs.org/prelude-ls/-/prelude-ls-1.1.2.tgz",
			"integrity": "sha1-IZMqVJ9eUv/ZqCf1cOBL5iqX2lQ=",
			"engines": {
				"node": ">= 0.8.0"
			}
		},
		"node_modules/source-map": {
			"version": "0.6.1",
			"resolved": "https://registry.npmjs.org/source-map/-/source-map-0.6.1.tgz",
			"integrity": "sha512-UjgapumWlbMhkBgzT7Ykc5YXUT46F0iKu8SGXq0bcwP5dz/h0Plj6enJqjz1Zbq2l5WaqYnrVbwWOWMyF3F47g==",
			"optional": true,
			"engines": {
				"node": ">=0.10.0"
			}
		},
		"node_modules/static-eval": {
			"version": "2.0.2",
			"resolved": "https://registry.npmjs.org/static-eval/-/static-eval-2.0.2.tgz",
			"integrity": "sha512-N/D219Hcr2bPjLxPiV+TQE++Tsmrady7TqAJugLy7Xk1EumfDWS/f5dtBbkRCGE7wKKXuYockQoj8Rm2/pVKyg==",
			"dependencies": {
				"escodegen": "^1.8.1"
			}
		},
		"node_modules/topological-sort": {
			"version": "0.3.0",
			"resolved": "https://registry.npmjs.org/topological-sort/-/topological-sort-0.3.0.tgz",
			"integrity": "sha512-BmO2t72jjJ3B9PZC3LTHyojgNynOKEvWG4GiYqyfSMUjtO6+yZK0oozlMYVA+tC6YvS3NZh4OPx6QaolEYOg6A==",
			"engines": {
				"node": ">=8"
			}
		},
		"node_modules/type-check": {
			"version": "0.3.2",
			"resolved": "https://registry.npmjs.org/type-check/-/type-check-0.3.2.tgz",
			"integrity": "sha1-WITKtRLPHTVeP7eE8wgEsrUg23I=",
			"dependencies": {
				"prelude-ls": "~1.1.2"
			},
			"engines": {
				"node": ">= 0.8.0"
			}
		},
		"node_modules/underscore": {
			"version": "1.12.1",
			"resolved": "https://registry.npmjs.org/underscore/-/underscore-1.12.1.tgz",
			"integrity": "sha512-hEQt0+ZLDVUMhebKxL4x1BTtDY7bavVofhZ9KZ4aI26X9SRaE+Y3m83XUL1UP2jn8ynjndwCCpEHdUG+9pP1Tw=="
		},
		"node_modules/word-wrap": {
			"version": "1.2.3",
			"resolved": "https://registry.npmjs.org/word-wrap/-/word-wrap-1.2.3.tgz",
			"integrity": "sha512-Hz/mrNwitNRh/HUAtM/VT/5VH+ygD6DV7mYKZAtHOrbs8U7lvPS6xf7EJKMF0uW1KJCl0H701g3ZGus+muE5vQ==",
			"engines": {
				"node": ">=0.10.0"
			}
		}
	},
	"dependencies": {
		"@geislabs/fetch": {
			"version": "0.0.60",
			"resolved": "https://registry.npmjs.org/@geislabs/fetch/-/fetch-0.0.60.tgz",
			"integrity": "sha512-Qn7WkwExuYTwBUuDVZzBPJafBuSL+iOkh6FPnsG5PV1qj6QyqVnoLm7eJZglCSn4PAsS++PIpbC6/wJyinPwxA==",
			"requires": {
				"@geislabs/geis-type": "^0.0.45",
				"@geislabs/protocol": "^0.0.47",
				"node-fetch": "^2.6.1"
			},
			"dependencies": {
				"@geislabs/protocol": {
					"version": "0.0.47",
					"resolved": "https://registry.npmjs.org/@geislabs/protocol/-/protocol-0.0.47.tgz",
					"integrity": "sha512-Nt8IUKXuyzWqcXjnhizpS84DlWnNNhKfz9UY0G4H2BU5n7lR0uf87pv3Jb6W/1IkRZwOAueSJmUP6diEruoc5g==",
					"requires": {
						"is-promise": "^4.0.0"
					}
				}
			}
		},
		"@geislabs/geis-type": {
			"version": "0.0.45",
			"resolved": "https://registry.npmjs.org/@geislabs/geis-type/-/geis-type-0.0.45.tgz",
			"integrity": "sha512-Nzpy4t32TwWT7vn1hm+Cg1/iPUQLacPtUoxZ/0sr1Udf0RiCKqFFRahWcppyJ67jp2X25TQsOf7T0nBestla0A==",
			"requires": {
				"inversify": "^5.0.5",
				"is-promise": "^4.0.0"
			}
		},
		"@geislabs/http": {
			"version": "0.0.78",
			"resolved": "https://registry.npmjs.org/@geislabs/http/-/http-0.0.78.tgz",
			"integrity": "sha512-GHhJEQiIx43ccRL2g+Xco0Y60ShmGOcpCKTOWthL1EfIi2NscCMHCKAphjMh9ePcXf5ppaJ4gpjjjFXXIDMtjA==",
			"requires": {
				"@geislabs/http-plugin": "^0.0.78",
				"@geislabs/http-proxy": "^0.0.78"
			}
		},
		"@geislabs/http-plugin": {
			"version": "0.0.78",
			"resolved": "https://registry.npmjs.org/@geislabs/http-plugin/-/http-plugin-0.0.78.tgz",
			"integrity": "sha512-AVGh0ukzhXmLRVSetyz1PhJ+mPiz5z6M/Kpv+ojK5OBtNYbueOpXTZkwAICXANMmjjk8Exke3PB5p1A74wvnpg==",
			"requires": {
				"@geislabs/plugin": "^0.0.2",
				"@geislabs/runtime-event": "^0.0.79"
			}
		},
		"@geislabs/http-proxy": {
			"version": "0.0.78",
			"resolved": "https://registry.npmjs.org/@geislabs/http-proxy/-/http-proxy-0.0.78.tgz",
			"integrity": "sha512-7FaS1DIb3fh0S20WZr0b1QptM7VSUUPzPwJahECnv5CpLCW84Moesqj2QtCQdbWYkmef4Je57i7LkWioGajOmQ==",
			"requires": {
				"@geislabs/http-plugin": "^0.0.78",
				"@geislabs/plugin": "^0.0.2",
				"@geislabs/runtime": "^0.0.72"
			}
		},
		"@geislabs/json": {
			"version": "0.0.60",
			"resolved": "https://registry.npmjs.org/@geislabs/json/-/json-0.0.60.tgz",
			"integrity": "sha512-oK1NzAvhevfK3SadhBNGiYUs6dMEA80haZdTrE/aAcIrsBHn8L4r6Rx7Qk6lkkQDzyzUqvLAb9n/MSxOAfQGjA==",
			"requires": {
				"@geislabs/fetch": "^0.0.60",
				"@geislabs/json-fetch": "^0.0.60",
				"@geislabs/json-type": "^0.0.60",
				"@geislabs/protocol": "^0.0.48",
				"jsonpath": "^1.1.1"
			},
			"dependencies": {
				"@geislabs/protocol": {
					"version": "0.0.48",
					"resolved": "https://registry.npmjs.org/@geislabs/protocol/-/protocol-0.0.48.tgz",
					"integrity": "sha512-WIhQ46IaIcP80NwqrzDu6wfwmXObxA+JD1g6gxzdEdbBnjV6Ni1cHag98YKcItD/ZdWoLONPhGtdd1YvRK+P0Q==",
					"requires": {
						"is-promise": "^4.0.0"
					}
				}
			}
		},
		"@geislabs/json-fetch": {
			"version": "0.0.60",
			"resolved": "https://registry.npmjs.org/@geislabs/json-fetch/-/json-fetch-0.0.60.tgz",
			"integrity": "sha512-77hc7rSQ37d6bhdL9v1RRTH1dUrVuOQ4k/IdRqDH4vKIITduQP5du89IehOw6ZvzaAuwIdLZC7d/0Gz8YoKULw==",
			"requires": {
				"jsonpath": "^1.1.1"
			}
		},
		"@geislabs/json-type": {
			"version": "0.0.60",
			"resolved": "https://registry.npmjs.org/@geislabs/json-type/-/json-type-0.0.60.tgz",
			"integrity": "sha512-4ta518coO01vU06Q5f3GoE3nauL414ckp+m0/8FMxpTGqd+knEBzCm519z6pMRem85R4Puv07t2E4bKhkGZeqw==",
			"requires": {
				"jsonpath": "^1.1.1"
			}
		},
		"@geislabs/plugin": {
			"version": "0.0.2",
			"resolved": "https://registry.npmjs.org/@geislabs/plugin/-/plugin-0.0.2.tgz",
			"integrity": "sha512-jDSbdRJtqHitI2LD+/nyg2bPE8Dij2P2iJM6cp/qlcrSTP+/9Fn+bDEOH4a17rrwvqK870sa9+njBZ7CD42V8A==",
			"requires": {
				"@geislabs/plugin-order": "^0.0.2",
				"@geislabs/runtime-event": "^0.0.79",
				"autobind-decorator": "^2.4.0",
				"inversify": "^5.1.1"
			}
		},
		"@geislabs/plugin-order": {
			"version": "0.0.2",
			"resolved": "https://registry.npmjs.org/@geislabs/plugin-order/-/plugin-order-0.0.2.tgz",
			"integrity": "sha512-DvDewJ9bhwIuzIbhgsQUtQ5UEUs13DFJG1UHSWn0770oy+DRObknZEh5hhfvB0ZDo3AjLpJFOsTBp3R7wEsZcw==",
			"requires": {
				"topological-sort": "^0.3.0"
			}
		},
		"@geislabs/protocol": {
			"version": "0.0.50",
			"resolved": "https://registry.npmjs.org/@geislabs/protocol/-/protocol-0.0.50.tgz",
			"integrity": "sha512-o/vLqPz5NKFT69TuF02T7G2y+ZnKqHJdG8K7Yqmv0vXaEucqVHGb1FkbKoBrnx+898pX3eYJuD14KVL7bmO1aQ==",
			"requires": {
				"is-promise": "^4.0.0"
			}
		},
		"@geislabs/runtime": {
			"version": "0.0.72",
			"resolved": "https://registry.npmjs.org/@geislabs/runtime/-/runtime-0.0.72.tgz",
			"integrity": "sha512-iwXx0OfFYB6ZZE9fxn7TkBo2XhuxheyE66ESW/f5wZeDDUYG2g/qy5QTiIblNhe6ASztPL1nHFdAg90bcY2spw==",
			"requires": {
				"@geislabs/runtime-event": "^0.0.72",
				"@geislabs/runtime-order": "^0.0.72",
				"@geislabs/runtime-plugin": "^0.0.72"
			},
			"dependencies": {
				"@geislabs/runtime-event": {
					"version": "0.0.72",
					"resolved": "https://registry.npmjs.org/@geislabs/runtime-event/-/runtime-event-0.0.72.tgz",
					"integrity": "sha512-ZQaiB1aAiIEFrZCRq9Tu6R3De/W3EiSfiXT9HwQHDdEt61P8EB/5ehCYDrOhBtli905SnS2x3dWwbPEtl+1Haw=="
				}
			}
		},
		"@geislabs/runtime-event": {
			"version": "0.0.79",
			"resolved": "https://registry.npmjs.org/@geislabs/runtime-event/-/runtime-event-0.0.79.tgz",
			"integrity": "sha512-4RhATQFG8dXo5PPN/XMBoEvH1qWZkYZSCDXDI9w3/vph6Fn6MVCWO/DwGsYvgn6z+fRz1t9eOt14hrqf2/tBtQ=="
		},
		"@geislabs/runtime-order": {
			"version": "0.0.72",
			"resolved": "https://registry.npmjs.org/@geislabs/runtime-order/-/runtime-order-0.0.72.tgz",
			"integrity": "sha512-zdFiYCMuqpJ6544WrqzZ46jpwSt3gi60zq7a0gFoW0DXE5UdeT6VfE4/9rEYeI+FucX5lNtjWWRbYCMGKuIi7Q==",
			"requires": {
				"topological-sort": "^0.3.0"
			}
		},
		"@geislabs/runtime-plugin": {
			"version": "0.0.72",
			"resolved": "https://registry.npmjs.org/@geislabs/runtime-plugin/-/runtime-plugin-0.0.72.tgz",
			"integrity": "sha512-laI+zcegky2nsox/4VraE093XD920a8+Ctk5g1B/NoJEDDAMCIdBIlbR3wpxLfplifzMYPA14O9llFRBFzvT0g==",
			"requires": {
				"@geislabs/runtime-event": "^0.0.72",
				"@geislabs/runtime-order": "^0.0.72",
				"autobind-decorator": "^2.4.0",
				"inversify": "^5.1.1",
				"memfs": "^3.2.2"
			},
			"dependencies": {
				"@geislabs/runtime-event": {
					"version": "0.0.72",
					"resolved": "https://registry.npmjs.org/@geislabs/runtime-event/-/runtime-event-0.0.72.tgz",
					"integrity": "sha512-ZQaiB1aAiIEFrZCRq9Tu6R3De/W3EiSfiXT9HwQHDdEt61P8EB/5ehCYDrOhBtli905SnS2x3dWwbPEtl+1Haw=="
				}
			}
		},
		"@types/node": {
			"version": "15.12.0",
			"resolved": "https://registry.npmjs.org/@types/node/-/node-15.12.0.tgz",
			"integrity": "sha512-+aHJvoCsVhO2ZCuT4o5JtcPrCPyDE3+1nvbDprYes+pPkEsbjH7AGUCNtjMOXS0fqH14t+B7yLzaqSz92FPWyw==",
			"dev": true
		},
		"@types/node-fetch": {
			"version": "2.5.10",
			"resolved": "https://registry.npmjs.org/@types/node-fetch/-/node-fetch-2.5.10.tgz",
			"integrity": "sha512-IpkX0AasN44hgEad0gEF/V6EgR5n69VEqPEgnmoM8GsIGro3PowbWs4tR6IhxUTyPLpOn+fiGG6nrQhcmoCuIQ==",
			"dev": true,
			"requires": {
				"@types/node": "*",
				"form-data": "^3.0.0"
			}
		},
		"asynckit": {
			"version": "0.4.0",
			"resolved": "https://registry.npmjs.org/asynckit/-/asynckit-0.4.0.tgz",
			"integrity": "sha1-x57Zf380y48robyXkLzDZkdLS3k=",
			"dev": true
		},
		"autobind-decorator": {
			"version": "2.4.0",
			"resolved": "https://registry.npmjs.org/autobind-decorator/-/autobind-decorator-2.4.0.tgz",
			"integrity": "sha512-OGYhWUO72V6DafbF8PM8rm3EPbfuyMZcJhtm5/n26IDwO18pohE4eNazLoCGhPiXOCD0gEGmrbU3849QvM8bbw=="
		},
		"combined-stream": {
			"version": "1.0.8",
			"resolved": "https://registry.npmjs.org/combined-stream/-/combined-stream-1.0.8.tgz",
			"integrity": "sha512-FQN4MRfuJeHf7cBbBMJFXhKSDq+2kAArBlmRBvcvFE5BB1HZKXtSFASDhdlz9zOYwxh8lDdnvmMOe/+5cdoEdg==",
			"dev": true,
			"requires": {
				"delayed-stream": "~1.0.0"
			}
		},
		"deep-is": {
			"version": "0.1.3",
			"resolved": "https://registry.npmjs.org/deep-is/-/deep-is-0.1.3.tgz",
			"integrity": "sha1-s2nW+128E+7PUk+RsHD+7cNXzzQ="
		},
		"delayed-stream": {
			"version": "1.0.0",
			"resolved": "https://registry.npmjs.org/delayed-stream/-/delayed-stream-1.0.0.tgz",
			"integrity": "sha1-3zrhmayt+31ECqrgsp4icrJOxhk=",
			"dev": true
		},
		"escodegen": {
			"version": "1.14.3",
			"resolved": "https://registry.npmjs.org/escodegen/-/escodegen-1.14.3.tgz",
			"integrity": "sha512-qFcX0XJkdg+PB3xjZZG/wKSuT1PnQWx57+TVSjIMmILd2yC/6ByYElPwJnslDsuWuSAp4AwJGumarAAmJch5Kw==",
			"requires": {
				"esprima": "^4.0.1",
				"estraverse": "^4.2.0",
				"esutils": "^2.0.2",
				"optionator": "^0.8.1",
				"source-map": "~0.6.1"
			},
			"dependencies": {
				"esprima": {
					"version": "4.0.1",
					"resolved": "https://registry.npmjs.org/esprima/-/esprima-4.0.1.tgz",
					"integrity": "sha512-eGuFFw7Upda+g4p+QHvnW0RyTX/SVeJBDM/gCtMARO0cLuT2HcEKnTPvhjV6aGeqrCB/sbNop0Kszm0jsaWU4A=="
				}
			}
		},
		"esprima": {
			"version": "1.2.2",
			"resolved": "https://registry.npmjs.org/esprima/-/esprima-1.2.2.tgz",
			"integrity": "sha1-dqD9Zvz+FU/SkmZ9wmQBl1CxZXs="
		},
		"estraverse": {
			"version": "4.3.0",
			"resolved": "https://registry.npmjs.org/estraverse/-/estraverse-4.3.0.tgz",
			"integrity": "sha512-39nnKffWz8xN1BU/2c79n9nB9HDzo0niYUqx6xyqUnyoAnQyyWpOTdZEeiCch8BBu515t4wp9ZmgVfVhn9EBpw=="
		},
		"esutils": {
			"version": "2.0.3",
			"resolved": "https://registry.npmjs.org/esutils/-/esutils-2.0.3.tgz",
			"integrity": "sha512-kVscqXk4OCp68SZ0dkgEKVi6/8ij300KBWTJq32P/dYeWTSwK41WyTxalN1eRmA5Z9UU/LX9D7FWSmV9SAYx6g=="
		},
		"fast-levenshtein": {
			"version": "2.0.6",
			"resolved": "https://registry.npmjs.org/fast-levenshtein/-/fast-levenshtein-2.0.6.tgz",
			"integrity": "sha1-PYpcZog6FqMMqGQ+hR8Zuqd5eRc="
		},
		"form-data": {
			"version": "3.0.1",
			"resolved": "https://registry.npmjs.org/form-data/-/form-data-3.0.1.tgz",
			"integrity": "sha512-RHkBKtLWUVwd7SqRIvCZMEvAMoGUp0XU+seQiZejj0COz3RI3hWP4sCv3gZWWLjJTd7rGwcsF5eKZGii0r/hbg==",
			"dev": true,
			"requires": {
				"asynckit": "^0.4.0",
				"combined-stream": "^1.0.8",
				"mime-types": "^2.1.12"
			}
		},
		"fs-monkey": {
			"version": "1.0.3",
			"resolved": "https://registry.npmjs.org/fs-monkey/-/fs-monkey-1.0.3.tgz",
			"integrity": "sha512-cybjIfiiE+pTWicSCLFHSrXZ6EilF30oh91FDP9S2B051prEa7QWfrVTQm10/dDpswBDXZugPa1Ogu8Yh+HV0Q=="
		},
		"inversify": {
			"version": "5.1.1",
			"resolved": "https://registry.npmjs.org/inversify/-/inversify-5.1.1.tgz",
			"integrity": "sha512-j8grHGDzv1v+8T1sAQ+3boTCntFPfvxLCkNcxB1J8qA0lUN+fAlSyYd+RXKvaPRL4AGyPxViutBEJHNXOyUdFQ=="
		},
		"is-promise": {
			"version": "4.0.0",
			"resolved": "https://registry.npmjs.org/is-promise/-/is-promise-4.0.0.tgz",
			"integrity": "sha512-hvpoI6korhJMnej285dSg6nu1+e6uxs7zG3BYAm5byqDsgJNWwxzM6z6iZiAgQR4TJ30JmBTOwqZUw3WlyH3AQ=="
		},
		"jsonpath": {
			"version": "1.1.1",
			"resolved": "https://registry.npmjs.org/jsonpath/-/jsonpath-1.1.1.tgz",
			"integrity": "sha512-l6Cg7jRpixfbgoWgkrl77dgEj8RPvND0wMH6TwQmi9Qs4TFfS9u5cUFnbeKTwj5ga5Y3BTGGNI28k117LJ009w==",
			"requires": {
				"esprima": "1.2.2",
				"static-eval": "2.0.2",
				"underscore": "1.12.1"
			}
		},
		"levn": {
			"version": "0.3.0",
			"resolved": "https://registry.npmjs.org/levn/-/levn-0.3.0.tgz",
			"integrity": "sha1-OwmSTt+fCDwEkP3UwLxEIeBHZO4=",
			"requires": {
				"prelude-ls": "~1.1.2",
				"type-check": "~0.3.2"
			}
		},
		"memfs": {
			"version": "3.2.2",
			"resolved": "https://registry.npmjs.org/memfs/-/memfs-3.2.2.tgz",
			"integrity": "sha512-RE0CwmIM3CEvpcdK3rZ19BC4E6hv9kADkMN5rPduRak58cNArWLi/9jFLsa4rhsjfVxMP3v0jO7FHXq7SvFY5Q==",
			"requires": {
				"fs-monkey": "1.0.3"
			}
		},
		"mime-db": {
			"version": "1.48.0",
			"resolved": "https://registry.npmjs.org/mime-db/-/mime-db-1.48.0.tgz",
			"integrity": "sha512-FM3QwxV+TnZYQ2aRqhlKBMHxk10lTbMt3bBkMAp54ddrNeVSfcQYOOKuGuy3Ddrm38I04If834fOUSq1yzslJQ==",
			"dev": true
		},
		"mime-types": {
			"version": "2.1.31",
			"resolved": "https://registry.npmjs.org/mime-types/-/mime-types-2.1.31.tgz",
			"integrity": "sha512-XGZnNzm3QvgKxa8dpzyhFTHmpP3l5YNusmne07VUOXxou9CqUqYa/HBy124RqtVh/O2pECas/MOcsDgpilPOPg==",
			"dev": true,
			"requires": {
				"mime-db": "1.48.0"
			}
		},
		"node-fetch": {
			"version": "2.6.1",
			"resolved": "https://registry.npmjs.org/node-fetch/-/node-fetch-2.6.1.tgz",
			"integrity": "sha512-V4aYg89jEoVRxRb2fJdAg8FHvI7cEyYdVAh94HH0UIK8oJxUfkjlDQN9RbMx+bEjP7+ggMiFRprSti032Oipxw=="
		},
		"optionator": {
			"version": "0.8.3",
			"resolved": "https://registry.npmjs.org/optionator/-/optionator-0.8.3.tgz",
			"integrity": "sha512-+IW9pACdk3XWmmTXG8m3upGUJst5XRGzxMRjXzAuJ1XnIFNvfhjjIuYkDvysnPQ7qzqVzLt78BCruntqRhWQbA==",
			"requires": {
				"deep-is": "~0.1.3",
				"fast-levenshtein": "~2.0.6",
				"levn": "~0.3.0",
				"prelude-ls": "~1.1.2",
				"type-check": "~0.3.2",
				"word-wrap": "~1.2.3"
			}
		},
		"prelude-ls": {
			"version": "1.1.2",
			"resolved": "https://registry.npmjs.org/prelude-ls/-/prelude-ls-1.1.2.tgz",
			"integrity": "sha1-IZMqVJ9eUv/ZqCf1cOBL5iqX2lQ="
		},
		"source-map": {
			"version": "0.6.1",
			"resolved": "https://registry.npmjs.org/source-map/-/source-map-0.6.1.tgz",
			"integrity": "sha512-UjgapumWlbMhkBgzT7Ykc5YXUT46F0iKu8SGXq0bcwP5dz/h0Plj6enJqjz1Zbq2l5WaqYnrVbwWOWMyF3F47g==",
			"optional": true
		},
		"static-eval": {
			"version": "2.0.2",
			"resolved": "https://registry.npmjs.org/static-eval/-/static-eval-2.0.2.tgz",
			"integrity": "sha512-N/D219Hcr2bPjLxPiV+TQE++Tsmrady7TqAJugLy7Xk1EumfDWS/f5dtBbkRCGE7wKKXuYockQoj8Rm2/pVKyg==",
			"requires": {
				"escodegen": "^1.8.1"
			}
		},
		"topological-sort": {
			"version": "0.3.0",
			"resolved": "https://registry.npmjs.org/topological-sort/-/topological-sort-0.3.0.tgz",
			"integrity": "sha512-BmO2t72jjJ3B9PZC3LTHyojgNynOKEvWG4GiYqyfSMUjtO6+yZK0oozlMYVA+tC6YvS3NZh4OPx6QaolEYOg6A=="
		},
		"type-check": {
			"version": "0.3.2",
			"resolved": "https://registry.npmjs.org/type-check/-/type-check-0.3.2.tgz",
			"integrity": "sha1-WITKtRLPHTVeP7eE8wgEsrUg23I=",
			"requires": {
				"prelude-ls": "~1.1.2"
			}
		},
		"underscore": {
			"version": "1.12.1",
			"resolved": "https://registry.npmjs.org/underscore/-/underscore-1.12.1.tgz",
			"integrity": "sha512-hEQt0+ZLDVUMhebKxL4x1BTtDY7bavVofhZ9KZ4aI26X9SRaE+Y3m83XUL1UP2jn8ynjndwCCpEHdUG+9pP1Tw=="
		},
		"word-wrap": {
			"version": "1.2.3",
			"resolved": "https://registry.npmjs.org/word-wrap/-/word-wrap-1.2.3.tgz",
			"integrity": "sha512-Hz/mrNwitNRh/HUAtM/VT/5VH+ygD6DV7mYKZAtHOrbs8U7lvPS6xf7EJKMF0uW1KJCl0H701g3ZGus+muE5vQ=="
		}
	}
}
